
Microsoft Visual Studio Solution File, Format Version 12.00
# Visual Studio Version 17
VisualStudioVersion = 17.7.34024.191
MinimumVisualStudioVersion = 10.0.40219.1
Project("{9A19103F-16F7-4668-BE54-9A1E7A4F7556}") = "Practices", "Practices.csproj", "{52755D4F-B731-4A43-8357-44CCAE291DDE}"
EndProject
Project("{FAE04EC0-301F-11D3-BF4B-00C04F79EFBC}") = "Inheritance-OOP", "..\Inheritance-OOP\Inheritance-OOP.csproj", "{FC56D069-E4C6-4686-AE74-FB40A1882FE7}"
EndProject
Project("{9A19103F-16F7-4668-BE54-9A1E7A4F7556}") = "csharp101", "..\csharp101\csharp101.csproj", "{75A0AB1A-C8A2-4B0B-9895-67E966593618}"
EndProject
Global
	GlobalSection(SolutionConfigurationPlatforms) = preSolution
		Debug|Any CPU = Debug|Any CPU
		Release|Any CPU = Release|Any CPU
	EndGlobalSection
	GlobalSection(ProjectConfigurationPlatforms) = postSolution
		{52755D4F-B731-4A43-8357-44CCAE291DDE}.Debug|Any CPU.ActiveCfg = Debug|Any CPU
		{52755D4F-B731-4A43-8357-44CCAE291DDE}.Debug|Any CPU.Build.0 = Debug|Any CPU
		{52755D4F-B731-4A43-8357-44CCAE291DDE}.Release|Any CPU.ActiveCfg = Release|Any CPU
		{52755D4F-B731-4A43-8357-44CCAE291DDE}.Release|Any CPU.Build.0 = Release|Any CPU
		{FC56D069-E4C6-4686-AE74-FB40A1882FE7}.Debug|Any CPU.ActiveCfg = Debug|Any CPU
		{FC56D069-E4C6-4686-AE74-FB40A1882FE7}.Debug|Any CPU.Build.0 = Debug|Any CPU
		{FC56D069-E4C6-4686-AE74-FB40A1882FE7}.Release|Any CPU.ActiveCfg = Release|Any CPU
		{FC56D069-E4C6-4686-AE74-FB40A1882FE7}.Release|Any CPU.Build.0 = Release|Any CPU
		{75A0AB1A-C8A2-4B0B-9895-67E966593618}.Debug|Any CPU.ActiveCfg = Debug|Any CPU
		{75A0AB1A-C8A2-4B0B-9895-67E966593618}.Debug|Any CPU.Build.0 = Debug|Any CPU
		{75A0AB1A-C8A2-4B0B-9895-67E966593618}.Release|Any CPU.ActiveCfg = Release|Any CPU
		{75A0AB1A-C8A2-4B0B-9895-67E966593618}.Release|Any CPU.Build.0 = Release|Any CPU
	EndGlobalSection
	GlobalSection(SolutionProperties) = preSolution
		HideSolutionNode = FALSE
	EndGlobalSection
	GlobalSection(ExtensibilityGlobals) = postSolution
		SolutionGuid = {D81F1275-CEC8-467C-B077-3A8B242ADCA4}
	EndGlobalSection
EndGlobal
